
Microsoft Visual Studio Solution File, Format Version 12.00
# Visual Studio Version 17
VisualStudioVersion = 17.9.34701.34
MinimumVisualStudioVersion = 10.0.40219.1
Project("{9A19103F-16F7-4668-BE54-9A1E7A4F7556}") = "RecursionExercisePower", "RecursionExercisePower\RecursionExercisePower.csproj", "{3E6DCB21-C138-4553-A8DD-7373D0A3F935}"
EndProject
Project("{FAE04EC0-301F-11D3-BF4B-00C04F79EFBC}") = "RecursionExercisePower.Tests", "RecursionExercisePower.Tests\RecursionExercisePower.Tests.csproj", "{8AEF6F96-14C2-4B17-9DA0-F2B09D454CAC}"
EndProject
Global
	GlobalSection(SolutionConfigurationPlatforms) = preSolution
		Debug|Any CPU = Debug|Any CPU
		Release|Any CPU = Release|Any CPU
	EndGlobalSection
	GlobalSection(ProjectConfigurationPlatforms) = postSolution
		{3E6DCB21-C138-4553-A8DD-7373D0A3F935}.Debug|Any CPU.ActiveCfg = Debug|Any CPU
		{3E6DCB21-C138-4553-A8DD-7373D0A3F935}.Debug|Any CPU.Build.0 = Debug|Any CPU
		{3E6DCB21-C138-4553-A8DD-7373D0A3F935}.Release|Any CPU.ActiveCfg = Release|Any CPU
		{3E6DCB21-C138-4553-A8DD-7373D0A3F935}.Release|Any CPU.Build.0 = Release|Any CPU
		{8AEF6F96-14C2-4B17-9DA0-F2B09D454CAC}.Debug|Any CPU.ActiveCfg = Debug|Any CPU
		{8AEF6F96-14C2-4B17-9DA0-F2B09D454CAC}.Debug|Any CPU.Build.0 = Debug|Any CPU
		{8AEF6F96-14C2-4B17-9DA0-F2B09D454CAC}.Release|Any CPU.ActiveCfg = Release|Any CPU
		{8AEF6F96-14C2-4B17-9DA0-F2B09D454CAC}.Release|Any CPU.Build.0 = Release|Any CPU
	EndGlobalSection
	GlobalSection(SolutionProperties) = preSolution
		HideSolutionNode = FALSE
	EndGlobalSection
	GlobalSection(ExtensibilityGlobals) = postSolution
		SolutionGuid = {1328E504-3830-416C-A942-1864AEB4F06D}
	EndGlobalSection
EndGlobal
